
Microsoft Visual Studio Solution File, Format Version 12.00
# Visual Studio Version 17
VisualStudioVersion = 17.9.34616.47
MinimumVisualStudioVersion = 10.0.40219.1
Project("{FAE04EC0-301F-11D3-BF4B-00C04F79EFBC}") = "ProgramAplicationAPI", "ProgramAplicationAPI.csproj", "{7F3C8F3B-97D4-406B-B58F-0379F807E639}"
EndProject
Global
	GlobalSection(SolutionConfigurationPlatforms) = preSolution
		Debug|Any CPU = Debug|Any CPU
		Release|Any CPU = Release|Any CPU
	EndGlobalSection
	GlobalSection(ProjectConfigurationPlatforms) = postSolution
		{7F3C8F3B-97D4-406B-B58F-0379F807E639}.Debug|Any CPU.ActiveCfg = Debug|Any CPU
		{7F3C8F3B-97D4-406B-B58F-0379F807E639}.Debug|Any CPU.Build.0 = Debug|Any CPU
		{7F3C8F3B-97D4-406B-B58F-0379F807E639}.Release|Any CPU.ActiveCfg = Release|Any CPU
		{7F3C8F3B-97D4-406B-B58F-0379F807E639}.Release|Any CPU.Build.0 = Release|Any CPU
	EndGlobalSection
	GlobalSection(SolutionProperties) = preSolution
		HideSolutionNode = FALSE
	EndGlobalSection
	GlobalSection(ExtensibilityGlobals) = postSolution
		SolutionGuid = {763163C9-2773-453B-AF0A-E762887A51FC}
	EndGlobalSection
EndGlobal
